
Microsoft Visual Studio Solution File, Format Version 12.00
# Visual Studio Version 16
VisualStudioVersion = 16.0.28803.452
MinimumVisualStudioVersion = 10.0.40219.1
Project("{FAE04EC0-301F-11D3-BF4B-00C04F79EFBC}") = "OpcUaFeatureTests", "OpcUaFeatureTests\OpcUaFeatureTests.csproj", "{B2BA9C2D-8902-4D88-9228-E737AAF52014}"
EndProject
Global
	GlobalSection(SolutionConfigurationPlatforms) = preSolution
		Debug|Any CPU = Debug|Any CPU
		Release|Any CPU = Release|Any CPU
	EndGlobalSection
	GlobalSection(ProjectConfigurationPlatforms) = postSolution
		{B2BA9C2D-8902-4D88-9228-E737AAF52014}.Debug|Any CPU.ActiveCfg = Debug|Any CPU
		{B2BA9C2D-8902-4D88-9228-E737AAF52014}.Debug|Any CPU.Build.0 = Debug|Any CPU
		{B2BA9C2D-8902-4D88-9228-E737AAF52014}.Release|Any CPU.ActiveCfg = Release|Any CPU
		{B2BA9C2D-8902-4D88-9228-E737AAF52014}.Release|Any CPU.Build.0 = Release|Any CPU
	EndGlobalSection
	GlobalSection(SolutionProperties) = preSolution
		HideSolutionNode = FALSE
	EndGlobalSection
	GlobalSection(ExtensibilityGlobals) = postSolution
		SolutionGuid = {C5E28832-A68E-4AF1-A4BE-5E47761C63BB}
	EndGlobalSection
EndGlobal
